
Microsoft Visual Studio Solution File, Format Version 12.00
Project("{FAE04EC0-301F-11D3-BF4B-00C04F79EFBC}") = "Client", "Client\Client.csproj", "{257DC576-6A79-4332-B53A-A05517964118}"
EndProject
Project("{FAE04EC0-301F-11D3-BF4B-00C04F79EFBC}") = "Server", "Server\Server.csproj", "{1D26C45C-F654-4FEF-939D-25799D58E956}"
EndProject
Global
	GlobalSection(SolutionConfigurationPlatforms) = preSolution
		Debug|Any CPU = Debug|Any CPU
		Release|Any CPU = Release|Any CPU
	EndGlobalSection
	GlobalSection(ProjectConfigurationPlatforms) = postSolution
		{257DC576-6A79-4332-B53A-A05517964118}.Debug|Any CPU.ActiveCfg = Debug|Any CPU
		{257DC576-6A79-4332-B53A-A05517964118}.Debug|Any CPU.Build.0 = Debug|Any CPU
		{257DC576-6A79-4332-B53A-A05517964118}.Release|Any CPU.ActiveCfg = Release|Any CPU
		{257DC576-6A79-4332-B53A-A05517964118}.Release|Any CPU.Build.0 = Release|Any CPU
		{1D26C45C-F654-4FEF-939D-25799D58E956}.Debug|Any CPU.ActiveCfg = Debug|Any CPU
		{1D26C45C-F654-4FEF-939D-25799D58E956}.Debug|Any CPU.Build.0 = Debug|Any CPU
		{1D26C45C-F654-4FEF-939D-25799D58E956}.Release|Any CPU.ActiveCfg = Release|Any CPU
		{1D26C45C-F654-4FEF-939D-25799D58E956}.Release|Any CPU.Build.0 = Release|Any CPU
	EndGlobalSection
EndGlobal
