
Microsoft Visual Studio Solution File, Format Version 12.00
Project("{FAE04EC0-301F-11D3-BF4B-00C04F79EFBC}") = "Client", "Client\Client.csproj", "{D1F36408-EDCF-47A3-A93F-206E71DE5346}"
EndProject
Project("{FAE04EC0-301F-11D3-BF4B-00C04F79EFBC}") = "Server", "Server\Server.csproj", "{4F8137F3-C7E1-4096-9DDE-DFA016CCD533}"
EndProject
Global
	GlobalSection(SolutionConfigurationPlatforms) = preSolution
		Debug|Any CPU = Debug|Any CPU
		Release|Any CPU = Release|Any CPU
	EndGlobalSection
	GlobalSection(ProjectConfigurationPlatforms) = postSolution
		{D1F36408-EDCF-47A3-A93F-206E71DE5346}.Debug|Any CPU.ActiveCfg = Debug|Any CPU
		{D1F36408-EDCF-47A3-A93F-206E71DE5346}.Debug|Any CPU.Build.0 = Debug|Any CPU
		{D1F36408-EDCF-47A3-A93F-206E71DE5346}.Release|Any CPU.ActiveCfg = Release|Any CPU
		{D1F36408-EDCF-47A3-A93F-206E71DE5346}.Release|Any CPU.Build.0 = Release|Any CPU
		{4F8137F3-C7E1-4096-9DDE-DFA016CCD533}.Debug|Any CPU.ActiveCfg = Debug|Any CPU
		{4F8137F3-C7E1-4096-9DDE-DFA016CCD533}.Debug|Any CPU.Build.0 = Debug|Any CPU
		{4F8137F3-C7E1-4096-9DDE-DFA016CCD533}.Release|Any CPU.ActiveCfg = Release|Any CPU
		{4F8137F3-C7E1-4096-9DDE-DFA016CCD533}.Release|Any CPU.Build.0 = Release|Any CPU
	EndGlobalSection
EndGlobal
